Microsoft Visual Studio Solution File, Format Version 12.00
# Visual Studio Version 17
VisualStudioVersion = 17.5.2.0
MinimumVisualStudioVersion = 10.0.40219.1
Project("{FAE04EC0-301F-11D3-BF4B-00C04F79EFBC}") = "denilson-primer-parcial", "denilson-primer-parcial.csproj", "{D74CCD80-44DE-E768-0BC2-910CC8AF0E99}"
EndProject
Global
	GlobalSection(SolutionConfigurationPlatforms) = preSolution
		Debug|Any CPU = Debug|Any CPU
		Release|Any CPU = Release|Any CPU
	EndGlobalSection
	GlobalSection(ProjectConfigurationPlatforms) = postSolution
		{D74CCD80-44DE-E768-0BC2-910CC8AF0E99}.Debug|Any CPU.ActiveCfg = Debug|Any CPU
		{D74CCD80-44DE-E768-0BC2-910CC8AF0E99}.Debug|Any CPU.Build.0 = Debug|Any CPU
		{D74CCD80-44DE-E768-0BC2-910CC8AF0E99}.Release|Any CPU.ActiveCfg = Release|Any CPU
		{D74CCD80-44DE-E768-0BC2-910CC8AF0E99}.Release|Any CPU.Build.0 = Release|Any CPU
	EndGlobalSection
	GlobalSection(SolutionProperties) = preSolution
		HideSolutionNode = FALSE
	EndGlobalSection
	GlobalSection(ExtensibilityGlobals) = postSolution
		SolutionGuid = {8AE07343-0337-48B9-8C76-D541D8FFC305}
	EndGlobalSection
EndGlobal
